
Microsoft Visual Studio Solution File, Format Version 12.00
# Visual Studio Version 17
VisualStudioVersion = 17.5.002.0
MinimumVisualStudioVersion = 10.0.40219.1
Project("{9A19103F-16F7-4668-BE54-9A1E7A4F7556}") = "patota_manager_api", "patota_manager_api.csproj", "{6A3148A4-04E6-46CA-BD69-E397A0283450}"
EndProject
Global
	GlobalSection(SolutionConfigurationPlatforms) = preSolution
		Debug|Any CPU = Debug|Any CPU
		Release|Any CPU = Release|Any CPU
	EndGlobalSection
	GlobalSection(ProjectConfigurationPlatforms) = postSolution
		{6A3148A4-04E6-46CA-BD69-E397A0283450}.Debug|Any CPU.ActiveCfg = Debug|Any CPU
		{6A3148A4-04E6-46CA-BD69-E397A0283450}.Debug|Any CPU.Build.0 = Debug|Any CPU
		{6A3148A4-04E6-46CA-BD69-E397A0283450}.Release|Any CPU.ActiveCfg = Release|Any CPU
		{6A3148A4-04E6-46CA-BD69-E397A0283450}.Release|Any CPU.Build.0 = Release|Any CPU
	EndGlobalSection
	GlobalSection(SolutionProperties) = preSolution
		HideSolutionNode = FALSE
	EndGlobalSection
	GlobalSection(ExtensibilityGlobals) = postSolution
		SolutionGuid = {DBFD3CD4-5086-41A4-B777-B80B09C77042}
	EndGlobalSection
EndGlobal
